
Microsoft Visual Studio Solution File, Format Version 12.00
# Visual Studio Version 16
VisualStudioVersion = 16.0.29025.244
MinimumVisualStudioVersion = 10.0.40219.1
Project("{2150E333-8FDC-42A3-9474-1A3956D46DE8}") = "Web", "Web", "{B33273C6-6817-4774-880D-8998EFDAF07F}"
EndProject
Project("{FAE04EC0-301F-11D3-BF4B-00C04F79EFBC}") = "Site", "Source\Web\Site\Site.csproj", "{929E256B-3287-4C5D-9687-BAA3EED6C983}"
EndProject
Project("{2150E333-8FDC-42A3-9474-1A3956D46DE8}") = "Core", "Core", "{C4687576-CAB2-4D6C-86BA-C468FDEF5C6B}"
EndProject
Project("{FAE04EC0-301F-11D3-BF4B-00C04F79EFBC}") = "Business", "Source\Core\Business\Business.csproj", "{ADB00176-A4F3-40C8-9880-131264B24A20}"
EndProject
Project("{FAE04EC0-301F-11D3-BF4B-00C04F79EFBC}") = "Models", "Source\Core\Models\Models.csproj", "{F74B833C-4331-4694-B605-4EBC907681C6}"
EndProject
Project("{2150E333-8FDC-42A3-9474-1A3956D46DE8}") = "Infrastructure", "Infrastructure", "{8E751BD8-EE94-41E2-9889-D134FA10A634}"
EndProject
Project("{FAE04EC0-301F-11D3-BF4B-00C04F79EFBC}") = "DAL", "Source\Infrastructure\DAL\DAL.csproj", "{6BF61743-B5B5-4B1D-84A3-5903FC60521A}"
EndProject
Project("{FAE04EC0-301F-11D3-BF4B-00C04F79EFBC}") = "Features", "Source\Infrastructure\Features\Features.csproj", "{A6EB99E2-6400-49AE-9257-BE85FD8CCE92}"
EndProject
Project("{2150E333-8FDC-42A3-9474-1A3956D46DE8}") = "Tests", "Tests", "{DA33E90A-45B6-44CA-A4C2-F9C89A5D2AB2}"
EndProject
Project("{FAE04EC0-301F-11D3-BF4B-00C04F79EFBC}") = "Business.Tests", "Tests\Unit\Business.Tests\Business.Tests.csproj", "{74FFC39B-4FA3-4292-85FB-C4D5039F627F}"
EndProject
Project("{FAE04EC0-301F-11D3-BF4B-00C04F79EFBC}") = "Infrastructure.DAL.Tests", "Tests\Unit\DAL.Tests\Infrastructure.DAL.Tests.csproj", "{72C7BDB5-CC95-41DD-8881-0D7336553BFA}"
EndProject
Project("{FAE04EC0-301F-11D3-BF4B-00C04F79EFBC}") = "Models.Tests", "Tests\Unit\Models.Tests\Models.Tests.csproj", "{E636D56A-C8E0-4548-A6E2-AC0C26F1C81C}"
EndProject
Project("{FAE04EC0-301F-11D3-BF4B-00C04F79EFBC}") = "Infrastructure.FeaturesTests", "Tests\Unit\Infrastructure.Tests\Infrastructure.FeaturesTests.csproj", "{9D1FBAB4-D608-4AA3-858A-A2FB1D145B6E}"
EndProject
Project("{FAE04EC0-301F-11D3-BF4B-00C04F79EFBC}") = "Site.Tests", "Tests\Unit\Site.Tests\Site.Tests.csproj", "{981CA0AC-F8DB-469E-BA51-232596AD8ABC}"
EndProject
Project("{2150E333-8FDC-42A3-9474-1A3956D46DE8}") = "Source", "Source", "{FDCF6714-8676-4BE9-9926-6C7403963DA2}"
EndProject
Project("{2150E333-8FDC-42A3-9474-1A3956D46DE8}") = "Unit", "Unit", "{B6D64B75-F1C5-4D4C-9283-A77785B9B982}"
EndProject
Project("{2150E333-8FDC-42A3-9474-1A3956D46DE8}") = "Integration", "Integration", "{1B8F7906-A756-4556-9C3B-0CD87E534098}"
EndProject
Project("{2150E333-8FDC-42A3-9474-1A3956D46DE8}") = "Functional", "Functional", "{00E1F915-EADA-4575-B609-69C0E1782D55}"
EndProject
Global
	GlobalSection(SolutionConfigurationPlatforms) = preSolution
		Debug|Any CPU = Debug|Any CPU
		Production|Any CPU = Production|Any CPU
		Release|Any CPU = Release|Any CPU
		Staging|Any CPU = Staging|Any CPU
	EndGlobalSection
	GlobalSection(ProjectConfigurationPlatforms) = postSolution
		{929E256B-3287-4C5D-9687-BAA3EED6C983}.Debug|Any CPU.ActiveCfg = Debug|Any CPU
		{929E256B-3287-4C5D-9687-BAA3EED6C983}.Debug|Any CPU.Build.0 = Debug|Any CPU
		{929E256B-3287-4C5D-9687-BAA3EED6C983}.Production|Any CPU.ActiveCfg = Production|Any CPU
		{929E256B-3287-4C5D-9687-BAA3EED6C983}.Production|Any CPU.Build.0 = Production|Any CPU
		{929E256B-3287-4C5D-9687-BAA3EED6C983}.Release|Any CPU.ActiveCfg = Release|Any CPU
		{929E256B-3287-4C5D-9687-BAA3EED6C983}.Release|Any CPU.Build.0 = Release|Any CPU
		{929E256B-3287-4C5D-9687-BAA3EED6C983}.Staging|Any CPU.ActiveCfg = Staging|Any CPU
		{929E256B-3287-4C5D-9687-BAA3EED6C983}.Staging|Any CPU.Build.0 = Staging|Any CPU
		{ADB00176-A4F3-40C8-9880-131264B24A20}.Debug|Any CPU.ActiveCfg = Debug|Any CPU
		{ADB00176-A4F3-40C8-9880-131264B24A20}.Debug|Any CPU.Build.0 = Debug|Any CPU
		{ADB00176-A4F3-40C8-9880-131264B24A20}.Production|Any CPU.ActiveCfg = Release|Any CPU
		{ADB00176-A4F3-40C8-9880-131264B24A20}.Production|Any CPU.Build.0 = Release|Any CPU
		{ADB00176-A4F3-40C8-9880-131264B24A20}.Release|Any CPU.ActiveCfg = Release|Any CPU
		{ADB00176-A4F3-40C8-9880-131264B24A20}.Release|Any CPU.Build.0 = Release|Any CPU
		{ADB00176-A4F3-40C8-9880-131264B24A20}.Staging|Any CPU.ActiveCfg = Release|Any CPU
		{ADB00176-A4F3-40C8-9880-131264B24A20}.Staging|Any CPU.Build.0 = Release|Any CPU
		{F74B833C-4331-4694-B605-4EBC907681C6}.Debug|Any CPU.ActiveCfg = Debug|Any CPU
		{F74B833C-4331-4694-B605-4EBC907681C6}.Debug|Any CPU.Build.0 = Debug|Any CPU
		{F74B833C-4331-4694-B605-4EBC907681C6}.Production|Any CPU.ActiveCfg = Release|Any CPU
		{F74B833C-4331-4694-B605-4EBC907681C6}.Production|Any CPU.Build.0 = Release|Any CPU
		{F74B833C-4331-4694-B605-4EBC907681C6}.Release|Any CPU.ActiveCfg = Release|Any CPU
		{F74B833C-4331-4694-B605-4EBC907681C6}.Release|Any CPU.Build.0 = Release|Any CPU
		{F74B833C-4331-4694-B605-4EBC907681C6}.Staging|Any CPU.ActiveCfg = Release|Any CPU
		{F74B833C-4331-4694-B605-4EBC907681C6}.Staging|Any CPU.Build.0 = Release|Any CPU
		{6BF61743-B5B5-4B1D-84A3-5903FC60521A}.Debug|Any CPU.ActiveCfg = Debug|Any CPU
		{6BF61743-B5B5-4B1D-84A3-5903FC60521A}.Debug|Any CPU.Build.0 = Debug|Any CPU
		{6BF61743-B5B5-4B1D-84A3-5903FC60521A}.Production|Any CPU.ActiveCfg = Release|Any CPU
		{6BF61743-B5B5-4B1D-84A3-5903FC60521A}.Production|Any CPU.Build.0 = Release|Any CPU
		{6BF61743-B5B5-4B1D-84A3-5903FC60521A}.Release|Any CPU.ActiveCfg = Release|Any CPU
		{6BF61743-B5B5-4B1D-84A3-5903FC60521A}.Release|Any CPU.Build.0 = Release|Any CPU
		{6BF61743-B5B5-4B1D-84A3-5903FC60521A}.Staging|Any CPU.ActiveCfg = Release|Any CPU
		{6BF61743-B5B5-4B1D-84A3-5903FC60521A}.Staging|Any CPU.Build.0 = Release|Any CPU
		{A6EB99E2-6400-49AE-9257-BE85FD8CCE92}.Debug|Any CPU.ActiveCfg = Debug|Any CPU
		{A6EB99E2-6400-49AE-9257-BE85FD8CCE92}.Debug|Any CPU.Build.0 = Debug|Any CPU
		{A6EB99E2-6400-49AE-9257-BE85FD8CCE92}.Production|Any CPU.ActiveCfg = Release|Any CPU
		{A6EB99E2-6400-49AE-9257-BE85FD8CCE92}.Production|Any CPU.Build.0 = Release|Any CPU
		{A6EB99E2-6400-49AE-9257-BE85FD8CCE92}.Release|Any CPU.ActiveCfg = Release|Any CPU
		{A6EB99E2-6400-49AE-9257-BE85FD8CCE92}.Release|Any CPU.Build.0 = Release|Any CPU
		{A6EB99E2-6400-49AE-9257-BE85FD8CCE92}.Staging|Any CPU.ActiveCfg = Release|Any CPU
		{A6EB99E2-6400-49AE-9257-BE85FD8CCE92}.Staging|Any CPU.Build.0 = Release|Any CPU
		{74FFC39B-4FA3-4292-85FB-C4D5039F627F}.Debug|Any CPU.ActiveCfg = Debug|Any CPU
		{74FFC39B-4FA3-4292-85FB-C4D5039F627F}.Debug|Any CPU.Build.0 = Debug|Any CPU
		{74FFC39B-4FA3-4292-85FB-C4D5039F627F}.Production|Any CPU.ActiveCfg = Release|Any CPU
		{74FFC39B-4FA3-4292-85FB-C4D5039F627F}.Production|Any CPU.Build.0 = Release|Any CPU
		{74FFC39B-4FA3-4292-85FB-C4D5039F627F}.Release|Any CPU.ActiveCfg = Release|Any CPU
		{74FFC39B-4FA3-4292-85FB-C4D5039F627F}.Release|Any CPU.Build.0 = Release|Any CPU
		{74FFC39B-4FA3-4292-85FB-C4D5039F627F}.Staging|Any CPU.ActiveCfg = Release|Any CPU
		{74FFC39B-4FA3-4292-85FB-C4D5039F627F}.Staging|Any CPU.Build.0 = Release|Any CPU
		{72C7BDB5-CC95-41DD-8881-0D7336553BFA}.Debug|Any CPU.ActiveCfg = Debug|Any CPU
		{72C7BDB5-CC95-41DD-8881-0D7336553BFA}.Debug|Any CPU.Build.0 = Debug|Any CPU
		{72C7BDB5-CC95-41DD-8881-0D7336553BFA}.Production|Any CPU.ActiveCfg = Release|Any CPU
		{72C7BDB5-CC95-41DD-8881-0D7336553BFA}.Production|Any CPU.Build.0 = Release|Any CPU
		{72C7BDB5-CC95-41DD-8881-0D7336553BFA}.Release|Any CPU.ActiveCfg = Release|Any CPU
		{72C7BDB5-CC95-41DD-8881-0D7336553BFA}.Release|Any CPU.Build.0 = Release|Any CPU
		{72C7BDB5-CC95-41DD-8881-0D7336553BFA}.Staging|Any CPU.ActiveCfg = Release|Any CPU
		{72C7BDB5-CC95-41DD-8881-0D7336553BFA}.Staging|Any CPU.Build.0 = Release|Any CPU
		{E636D56A-C8E0-4548-A6E2-AC0C26F1C81C}.Debug|Any CPU.ActiveCfg = Debug|Any CPU
		{E636D56A-C8E0-4548-A6E2-AC0C26F1C81C}.Debug|Any CPU.Build.0 = Debug|Any CPU
		{E636D56A-C8E0-4548-A6E2-AC0C26F1C81C}.Production|Any CPU.ActiveCfg = Release|Any CPU
		{E636D56A-C8E0-4548-A6E2-AC0C26F1C81C}.Production|Any CPU.Build.0 = Release|Any CPU
		{E636D56A-C8E0-4548-A6E2-AC0C26F1C81C}.Release|Any CPU.ActiveCfg = Release|Any CPU
		{E636D56A-C8E0-4548-A6E2-AC0C26F1C81C}.Release|Any CPU.Build.0 = Release|Any CPU
		{E636D56A-C8E0-4548-A6E2-AC0C26F1C81C}.Staging|Any CPU.ActiveCfg = Release|Any CPU
		{E636D56A-C8E0-4548-A6E2-AC0C26F1C81C}.Staging|Any CPU.Build.0 = Release|Any CPU
		{9D1FBAB4-D608-4AA3-858A-A2FB1D145B6E}.Debug|Any CPU.ActiveCfg = Debug|Any CPU
		{9D1FBAB4-D608-4AA3-858A-A2FB1D145B6E}.Debug|Any CPU.Build.0 = Debug|Any CPU
		{9D1FBAB4-D608-4AA3-858A-A2FB1D145B6E}.Production|Any CPU.ActiveCfg = Release|Any CPU
		{9D1FBAB4-D608-4AA3-858A-A2FB1D145B6E}.Production|Any CPU.Build.0 = Release|Any CPU
		{9D1FBAB4-D608-4AA3-858A-A2FB1D145B6E}.Release|Any CPU.ActiveCfg = Release|Any CPU
		{9D1FBAB4-D608-4AA3-858A-A2FB1D145B6E}.Release|Any CPU.Build.0 = Release|Any CPU
		{9D1FBAB4-D608-4AA3-858A-A2FB1D145B6E}.Staging|Any CPU.ActiveCfg = Release|Any CPU
		{9D1FBAB4-D608-4AA3-858A-A2FB1D145B6E}.Staging|Any CPU.Build.0 = Release|Any CPU
		{981CA0AC-F8DB-469E-BA51-232596AD8ABC}.Debug|Any CPU.ActiveCfg = Debug|Any CPU
		{981CA0AC-F8DB-469E-BA51-232596AD8ABC}.Debug|Any CPU.Build.0 = Debug|Any CPU
		{981CA0AC-F8DB-469E-BA51-232596AD8ABC}.Production|Any CPU.ActiveCfg = Release|Any CPU
		{981CA0AC-F8DB-469E-BA51-232596AD8ABC}.Production|Any CPU.Build.0 = Release|Any CPU
		{981CA0AC-F8DB-469E-BA51-232596AD8ABC}.Release|Any CPU.ActiveCfg = Release|Any CPU
		{981CA0AC-F8DB-469E-BA51-232596AD8ABC}.Release|Any CPU.Build.0 = Release|Any CPU
		{981CA0AC-F8DB-469E-BA51-232596AD8ABC}.Staging|Any CPU.ActiveCfg = Release|Any CPU
		{981CA0AC-F8DB-469E-BA51-232596AD8ABC}.Staging|Any CPU.Build.0 = Release|Any CPU
	EndGlobalSection
	GlobalSection(SolutionProperties) = preSolution
		HideSolutionNode = FALSE
	EndGlobalSection
	GlobalSection(NestedProjects) = preSolution
		{B33273C6-6817-4774-880D-8998EFDAF07F} = {FDCF6714-8676-4BE9-9926-6C7403963DA2}
		{929E256B-3287-4C5D-9687-BAA3EED6C983} = {B33273C6-6817-4774-880D-8998EFDAF07F}
		{C4687576-CAB2-4D6C-86BA-C468FDEF5C6B} = {FDCF6714-8676-4BE9-9926-6C7403963DA2}
		{ADB00176-A4F3-40C8-9880-131264B24A20} = {C4687576-CAB2-4D6C-86BA-C468FDEF5C6B}
		{F74B833C-4331-4694-B605-4EBC907681C6} = {C4687576-CAB2-4D6C-86BA-C468FDEF5C6B}
		{8E751BD8-EE94-41E2-9889-D134FA10A634} = {FDCF6714-8676-4BE9-9926-6C7403963DA2}
		{6BF61743-B5B5-4B1D-84A3-5903FC60521A} = {8E751BD8-EE94-41E2-9889-D134FA10A634}
		{A6EB99E2-6400-49AE-9257-BE85FD8CCE92} = {8E751BD8-EE94-41E2-9889-D134FA10A634}
		{74FFC39B-4FA3-4292-85FB-C4D5039F627F} = {B6D64B75-F1C5-4D4C-9283-A77785B9B982}
		{72C7BDB5-CC95-41DD-8881-0D7336553BFA} = {B6D64B75-F1C5-4D4C-9283-A77785B9B982}
		{E636D56A-C8E0-4548-A6E2-AC0C26F1C81C} = {B6D64B75-F1C5-4D4C-9283-A77785B9B982}
		{9D1FBAB4-D608-4AA3-858A-A2FB1D145B6E} = {B6D64B75-F1C5-4D4C-9283-A77785B9B982}
		{981CA0AC-F8DB-469E-BA51-232596AD8ABC} = {B6D64B75-F1C5-4D4C-9283-A77785B9B982}
		{B6D64B75-F1C5-4D4C-9283-A77785B9B982} = {DA33E90A-45B6-44CA-A4C2-F9C89A5D2AB2}
		{1B8F7906-A756-4556-9C3B-0CD87E534098} = {DA33E90A-45B6-44CA-A4C2-F9C89A5D2AB2}
		{00E1F915-EADA-4575-B609-69C0E1782D55} = {DA33E90A-45B6-44CA-A4C2-F9C89A5D2AB2}
	EndGlobalSection
	GlobalSection(ExtensibilityGlobals) = postSolution
		SolutionGuid = {481BC078-11CF-4CC4-BD5E-333CB2DA90E3}
	EndGlobalSection
EndGlobal
